
Microsoft Visual Studio Solution File, Format Version 11.00
# Visual Studio 2010
Project("{FAE04EC0-301F-11D3-BF4B-00C04F79EFBC}") = "JanBecaus.Droid", "JanBecaus.Droid\JanBecaus.Droid.csproj", "{562039C6-E142-49BA-98F6-B171833628B3}"
EndProject
Global
	GlobalSection(SolutionConfigurationPlatforms) = preSolution
		Debug|Any CPU = Debug|Any CPU
		Release|Any CPU = Release|Any CPU
	EndGlobalSection
	GlobalSection(ProjectConfigurationPlatforms) = postSolution
		{562039C6-E142-49BA-98F6-B171833628B3}.Debug|Any CPU.ActiveCfg = Debug|Any CPU
		{562039C6-E142-49BA-98F6-B171833628B3}.Debug|Any CPU.Build.0 = Debug|Any CPU
		{562039C6-E142-49BA-98F6-B171833628B3}.Release|Any CPU.ActiveCfg = Release|Any CPU
		{562039C6-E142-49BA-98F6-B171833628B3}.Release|Any CPU.Build.0 = Release|Any CPU
	EndGlobalSection
	GlobalSection(MonoDevelopProperties) = preSolution
		StartupItem = JanBecaus.Droid\JanBecaus.Droid.csproj
	EndGlobalSection
EndGlobal
